
Microsoft Visual Studio Solution File, Format Version 12.00
# Visual Studio Version 17
VisualStudioVersion = 17.9.34723.18
MinimumVisualStudioVersion = 10.0.40219.1
Project("{FAE04EC0-301F-11D3-BF4B-00C04F79EFBC}") = "NotesApp.Server", "NotesApp.Server\NotesApp.Server.csproj", "{9D84064B-381B-40FB-A046-B3D25C209336}"
EndProject
Project("{54A90642-561A-4BB1-A94E-469ADEE60C69}") = "notesapp.client", "notesapp.client\notesapp.client.esproj", "{9BDFB37A-DDC7-4AD6-8398-5B0816874503}"
EndProject
Global
	GlobalSection(SolutionConfigurationPlatforms) = preSolution
		Debug|Any CPU = Debug|Any CPU
		Release|Any CPU = Release|Any CPU
	EndGlobalSection
	GlobalSection(ProjectConfigurationPlatforms) = postSolution
		{9D84064B-381B-40FB-A046-B3D25C209336}.Debug|Any CPU.ActiveCfg = Debug|Any CPU
		{9D84064B-381B-40FB-A046-B3D25C209336}.Debug|Any CPU.Build.0 = Debug|Any CPU
		{9D84064B-381B-40FB-A046-B3D25C209336}.Release|Any CPU.ActiveCfg = Release|Any CPU
		{9D84064B-381B-40FB-A046-B3D25C209336}.Release|Any CPU.Build.0 = Release|Any CPU
		{9BDFB37A-DDC7-4AD6-8398-5B0816874503}.Debug|Any CPU.ActiveCfg = Debug|Any CPU
		{9BDFB37A-DDC7-4AD6-8398-5B0816874503}.Debug|Any CPU.Build.0 = Debug|Any CPU
		{9BDFB37A-DDC7-4AD6-8398-5B0816874503}.Debug|Any CPU.Deploy.0 = Debug|Any CPU
		{9BDFB37A-DDC7-4AD6-8398-5B0816874503}.Release|Any CPU.ActiveCfg = Release|Any CPU
		{9BDFB37A-DDC7-4AD6-8398-5B0816874503}.Release|Any CPU.Build.0 = Release|Any CPU
		{9BDFB37A-DDC7-4AD6-8398-5B0816874503}.Release|Any CPU.Deploy.0 = Release|Any CPU
	EndGlobalSection
	GlobalSection(SolutionProperties) = preSolution
		HideSolutionNode = FALSE
	EndGlobalSection
	GlobalSection(ExtensibilityGlobals) = postSolution
		SolutionGuid = {35C2D6C0-5F6F-41EC-A775-86375FC8FF5F}
	EndGlobalSection
EndGlobal
